
Microsoft Visual Studio Solution File, Format Version 12.00
# Visual Studio Version 17
VisualStudioVersion = 17.5.33414.496
MinimumVisualStudioVersion = 10.0.40219.1
Project("{FAE04EC0-301F-11D3-BF4B-00C04F79EFBC}") = "ulvitask1C#", "ulvitask1C#.csproj", "{9AE378F2-82B7-45B2-995E-D2F6B0E41B92}"
EndProject
Global
	GlobalSection(SolutionConfigurationPlatforms) = preSolution
		Debug|Any CPU = Debug|Any CPU
		Release|Any CPU = Release|Any CPU
	EndGlobalSection
	GlobalSection(ProjectConfigurationPlatforms) = postSolution
		{9AE378F2-82B7-45B2-995E-D2F6B0E41B92}.Debug|Any CPU.ActiveCfg = Debug|Any CPU
		{9AE378F2-82B7-45B2-995E-D2F6B0E41B92}.Debug|Any CPU.Build.0 = Debug|Any CPU
		{9AE378F2-82B7-45B2-995E-D2F6B0E41B92}.Release|Any CPU.ActiveCfg = Release|Any CPU
		{9AE378F2-82B7-45B2-995E-D2F6B0E41B92}.Release|Any CPU.Build.0 = Release|Any CPU
	EndGlobalSection
	GlobalSection(SolutionProperties) = preSolution
		HideSolutionNode = FALSE
	EndGlobalSection
	GlobalSection(ExtensibilityGlobals) = postSolution
		SolutionGuid = {4E315740-5331-4A12-83BE-C24A5984E1B7}
	EndGlobalSection
EndGlobal
